
Microsoft Visual Studio Solution File, Format Version 12.00
# Visual Studio 2013
VisualStudioVersion = 12.0.21005.1
MinimumVisualStudioVersion = 10.0.40219.1
Project("{FAE04EC0-301F-11D3-BF4B-00C04F79EFBC}") = "ProjetoDigimon", "ProjetoDigimon\ProjetoDigimon.csproj", "{D9E9EC53-14EE-4AED-ABEE-0F03F90E9D53}"
EndProject
Project("{FAE04EC0-301F-11D3-BF4B-00C04F79EFBC}") = "Digimon.Repositorio", "Digimon.Repositorio\Digimon.Repositorio.csproj", "{B276E9F0-A8FF-4142-BE13-E916B32C963D}"
EndProject
Project("{FAE04EC0-301F-11D3-BF4B-00C04F79EFBC}") = "Digimon.Dominio", "Digimon.Dominio\Digimon.Dominio.csproj", "{8C55D0BA-6368-4FA4-99A2-8604E919975A}"
EndProject
Project("{FAE04EC0-301F-11D3-BF4B-00C04F79EFBC}") = "Digimon.Aplicacao", "Digimon.Aplicacao\Digimon.Aplicacao.csproj", "{38FE8F8D-B243-449C-B83E-02BB8CB725A5}"
EndProject
Project("{FAE04EC0-301F-11D3-BF4B-00C04F79EFBC}") = "Teste.DOS", "Teste.DOS\Teste.DOS.csproj", "{78B5B2A3-E4DE-40DF-82AC-37F2C428CD31}"
EndProject
Global
	GlobalSection(SolutionConfigurationPlatforms) = preSolution
		Debug|Any CPU = Debug|Any CPU
		Release|Any CPU = Release|Any CPU
	EndGlobalSection
	GlobalSection(ProjectConfigurationPlatforms) = postSolution
		{D9E9EC53-14EE-4AED-ABEE-0F03F90E9D53}.Debug|Any CPU.ActiveCfg = Debug|Any CPU
		{D9E9EC53-14EE-4AED-ABEE-0F03F90E9D53}.Debug|Any CPU.Build.0 = Debug|Any CPU
		{D9E9EC53-14EE-4AED-ABEE-0F03F90E9D53}.Release|Any CPU.ActiveCfg = Release|Any CPU
		{D9E9EC53-14EE-4AED-ABEE-0F03F90E9D53}.Release|Any CPU.Build.0 = Release|Any CPU
		{B276E9F0-A8FF-4142-BE13-E916B32C963D}.Debug|Any CPU.ActiveCfg = Debug|Any CPU
		{B276E9F0-A8FF-4142-BE13-E916B32C963D}.Debug|Any CPU.Build.0 = Debug|Any CPU
		{B276E9F0-A8FF-4142-BE13-E916B32C963D}.Release|Any CPU.ActiveCfg = Release|Any CPU
		{B276E9F0-A8FF-4142-BE13-E916B32C963D}.Release|Any CPU.Build.0 = Release|Any CPU
		{8C55D0BA-6368-4FA4-99A2-8604E919975A}.Debug|Any CPU.ActiveCfg = Debug|Any CPU
		{8C55D0BA-6368-4FA4-99A2-8604E919975A}.Debug|Any CPU.Build.0 = Debug|Any CPU
		{8C55D0BA-6368-4FA4-99A2-8604E919975A}.Release|Any CPU.ActiveCfg = Release|Any CPU
		{8C55D0BA-6368-4FA4-99A2-8604E919975A}.Release|Any CPU.Build.0 = Release|Any CPU
		{38FE8F8D-B243-449C-B83E-02BB8CB725A5}.Debug|Any CPU.ActiveCfg = Debug|Any CPU
		{38FE8F8D-B243-449C-B83E-02BB8CB725A5}.Debug|Any CPU.Build.0 = Debug|Any CPU
		{38FE8F8D-B243-449C-B83E-02BB8CB725A5}.Release|Any CPU.ActiveCfg = Release|Any CPU
		{38FE8F8D-B243-449C-B83E-02BB8CB725A5}.Release|Any CPU.Build.0 = Release|Any CPU
		{78B5B2A3-E4DE-40DF-82AC-37F2C428CD31}.Debug|Any CPU.ActiveCfg = Debug|Any CPU
		{78B5B2A3-E4DE-40DF-82AC-37F2C428CD31}.Debug|Any CPU.Build.0 = Debug|Any CPU
		{78B5B2A3-E4DE-40DF-82AC-37F2C428CD31}.Release|Any CPU.ActiveCfg = Release|Any CPU
		{78B5B2A3-E4DE-40DF-82AC-37F2C428CD31}.Release|Any CPU.Build.0 = Release|Any CPU
	EndGlobalSection
	GlobalSection(SolutionProperties) = preSolution
		HideSolutionNode = FALSE
	EndGlobalSection
EndGlobal
