
Microsoft Visual Studio Solution File, Format Version 12.00
# Visual Studio 2012
Project("{FAE04EC0-301F-11D3-BF4B-00C04F79EFBC}") = "ProjetoDigimon", "ProjetoDigimon\ProjetoDigimon.csproj", "{D9E9EC53-14EE-4AED-ABEE-0F03F90E9D53}"
EndProject
Global
	GlobalSection(SolutionConfigurationPlatforms) = preSolution
		Debug|Any CPU = Debug|Any CPU
		Release|Any CPU = Release|Any CPU
	EndGlobalSection
	GlobalSection(ProjectConfigurationPlatforms) = postSolution
		{D9E9EC53-14EE-4AED-ABEE-0F03F90E9D53}.Debug|Any CPU.ActiveCfg = Debug|Any CPU
		{D9E9EC53-14EE-4AED-ABEE-0F03F90E9D53}.Debug|Any CPU.Build.0 = Debug|Any CPU
		{D9E9EC53-14EE-4AED-ABEE-0F03F90E9D53}.Release|Any CPU.ActiveCfg = Release|Any CPU
		{D9E9EC53-14EE-4AED-ABEE-0F03F90E9D53}.Release|Any CPU.Build.0 = Release|Any CPU
	EndGlobalSection
	GlobalSection(SolutionProperties) = preSolution
		HideSolutionNode = FALSE
	EndGlobalSection
EndGlobal
